
Microsoft Visual Studio Solution File, Format Version 12.00
# Visual Studio Version 16
VisualStudioVersion = 16.0.31019.35
MinimumVisualStudioVersion = 10.0.40219.1
Project("{FAE04EC0-301F-11D3-BF4B-00C04F79EFBC}") = "Merge k Sorted Lists", "Merge k Sorted Lists\Merge k Sorted Lists.csproj", "{C76C8048-CDEE-4662-825A-7274545F6465}"
EndProject
Global
	GlobalSection(SolutionConfigurationPlatforms) = preSolution
		Debug|Any CPU = Debug|Any CPU
		Release|Any CPU = Release|Any CPU
	EndGlobalSection
	GlobalSection(ProjectConfigurationPlatforms) = postSolution
		{C76C8048-CDEE-4662-825A-7274545F6465}.Debug|Any CPU.ActiveCfg = Debug|Any CPU
		{C76C8048-CDEE-4662-825A-7274545F6465}.Debug|Any CPU.Build.0 = Debug|Any CPU
		{C76C8048-CDEE-4662-825A-7274545F6465}.Release|Any CPU.ActiveCfg = Release|Any CPU
		{C76C8048-CDEE-4662-825A-7274545F6465}.Release|Any CPU.Build.0 = Release|Any CPU
	EndGlobalSection
	GlobalSection(SolutionProperties) = preSolution
		HideSolutionNode = FALSE
	EndGlobalSection
	GlobalSection(ExtensibilityGlobals) = postSolution
		SolutionGuid = {C9250057-6008-410A-8866-22C02959AB58}
	EndGlobalSection
EndGlobal
